
Microsoft Visual Studio Solution File, Format Version 12.00
# Visual Studio Version 17
VisualStudioVersion = 17.12.35728.132 d17.12
MinimumVisualStudioVersion = 10.0.40219.1
Project("{2150E333-8FDC-42A3-9474-1A3956D46DE8}") = "E-commerce.Domain", "E-commerce.Domain", "{5D328336-47E5-4333-B22C-E965CEE795F7}"
EndProject
Project("{FAE04EC0-301F-11D3-BF4B-00C04F79EFBC}") = "E-commerce.Domain", "E-commerce.Domain\E-commerce.Domain.csproj", "{FE2EDDAA-9A16-4F3D-A707-D93258C6922C}"
EndProject
Project("{FAE04EC0-301F-11D3-BF4B-00C04F79EFBC}") = "0_Framework", "0_Framework\0_Framework.csproj", "{8D3CC5FA-498B-4F2F-BD70-C3BC358102AE}"
EndProject
Global
	GlobalSection(SolutionConfigurationPlatforms) = preSolution
		Debug|Any CPU = Debug|Any CPU
		Release|Any CPU = Release|Any CPU
	EndGlobalSection
	GlobalSection(ProjectConfigurationPlatforms) = postSolution
		{FE2EDDAA-9A16-4F3D-A707-D93258C6922C}.Debug|Any CPU.ActiveCfg = Debug|Any CPU
		{FE2EDDAA-9A16-4F3D-A707-D93258C6922C}.Debug|Any CPU.Build.0 = Debug|Any CPU
		{FE2EDDAA-9A16-4F3D-A707-D93258C6922C}.Release|Any CPU.ActiveCfg = Release|Any CPU
		{FE2EDDAA-9A16-4F3D-A707-D93258C6922C}.Release|Any CPU.Build.0 = Release|Any CPU
		{8D3CC5FA-498B-4F2F-BD70-C3BC358102AE}.Debug|Any CPU.ActiveCfg = Debug|Any CPU
		{8D3CC5FA-498B-4F2F-BD70-C3BC358102AE}.Debug|Any CPU.Build.0 = Debug|Any CPU
		{8D3CC5FA-498B-4F2F-BD70-C3BC358102AE}.Release|Any CPU.ActiveCfg = Release|Any CPU
		{8D3CC5FA-498B-4F2F-BD70-C3BC358102AE}.Release|Any CPU.Build.0 = Release|Any CPU
	EndGlobalSection
	GlobalSection(SolutionProperties) = preSolution
		HideSolutionNode = FALSE
	EndGlobalSection
	GlobalSection(NestedProjects) = preSolution
		{FE2EDDAA-9A16-4F3D-A707-D93258C6922C} = {5D328336-47E5-4333-B22C-E965CEE795F7}
	EndGlobalSection
EndGlobal
